// !$*UTF8*$!
{
	archiveVersion = 1;
	classes = {
	};
	objectVersion = 50;
	objects = {

/* Begin PBXBuildFile section */
		C26B66EF2328174300D731A6 /* AppDelegate.m in Sources */ = {isa = PBXBuildFile; fileRef = C26B66EE2328174300D731A6 /* AppDelegate.m */; };
		C26B66F22328174300D731A6 /* ViewController.m in Sources */ = {isa = PBXBuildFile; fileRef = C26B66F12328174300D731A6 /* ViewController.m */; };
		C26B66F72328174500D731A6 /* Assets.xcassets in Resources */ = {isa = PBXBuildFile; fileRef = C26B66F62328174500D731A6 /* Assets.xcassets */; };
		C26B66FA2328174500D731A6 /* LaunchScreen.storyboard in Resources */ = {isa = PBXBuildFile; fileRef = C26B66F82328174500D731A6 /* LaunchScreen.storyboard */; };
		C26B66FD2328174500D731A6 /* main.m in Sources */ = {isa = PBXBuildFile; fileRef = C26B66FC2328174500D731A6 /* main.m */; };
		C26B67072328174600D731A6 /* hw2Tests.m in Sources */ = {isa = PBXBuildFile; fileRef = C26B67062328174600D731A6 /* hw2Tests.m */; };
		C26B67122328174600D731A6 /* hw2UITests.m in Sources */ = {isa = PBXBuildFile; fileRef = C26B67112328174600D731A6 /* hw2UITests.m */; };
		C26B67232328179E00D731A6 /* Language.m in Sources */ = {isa = PBXBuildFile; fileRef = C26B67222328179E00D731A6 /* Language.m */; };
/* End PBXBuildFile section */

/* Begin PBXContainerItemProxy section */
		C26B67032328174600D731A6 /* PBXContainerItemProxy */ = {
			isa = PBXContainerItemProxy;
			containerPortal = C26B66E22328174300D731A6 /* Project object */;
			proxyType = 1;
			remoteGlobalIDString = C26B66E92328174300D731A6;
			remoteInfo = hw2;
		};
		C26B670E2328174600D731A6 /* PBXContainerItemProxy */ = {
			isa = PBXContainerItemProxy;
			containerPortal = C26B66E22328174300D731A6 /* Project object */;
			proxyType = 1;
			remoteGlobalIDString = C26B66E92328174300D731A6;
			remoteInfo = hw2;
		};
/* End PBXContainerItemProxy section */

/* Begin PBXFileReference section */
		C26B66EA2328174300D731A6 /* hw2.app */ = {isa = PBXFileReference; explicitFileType = wrapper.application; includeInIndex = 0; path = hw2.app; sourceTree = BUILT_PRODUCTS_DIR; };
		C26B66ED2328174300D731A6 /* AppDelegate.h */ = {isa = PBXFileReference; lastKnownFileType = sourcecode.c.h; path = AppDelegate.h; sourceTree = "<group>"; };
		C26B66EE2328174300D731A6 /* AppDelegate.m */ = {isa = PBXFileReference; lastKnownFileType = sourcecode.c.objc; path = AppDelegate.m; sourceTree = "<group>"; };
		C26B66F02328174300D731A6 /* ViewController.h */ = {isa = PBXFileReference; lastKnownFileType = sourcecode.c.h; path = ViewController.h; sourceTree = "<group>"; };
		C26B66F12328174300D731A6 /* ViewController.m */ = {isa = PBXFileReference; lastKnownFileType = sourcecode.c.objc; path = ViewController.m; sourceTree = "<group>"; };
		C26B66F62328174500D731A6 /* Assets.xcassets */ = {isa = PBXFileReference; lastKnownFileType = folder.assetcatalog; path = Assets.xcassets; sourceTree = "<group>"; };
		C26B66F92328174500D731A6 /* Base */ = {isa = PBXFileReference; lastKnownFileType = file.storyboard; name = Base; path = Base.lproj/LaunchScreen.storyboard; sourceTree = "<group>"; };
		C26B66FB2328174500D731A6 /* Info.plist */ = {isa = PBXFileReference; lastKnownFileType = text.plist.xml; path = Info.plist; sourceTree = "<group>"; };
		C26B66FC2328174500D731A6 /* main.m */ = {isa = PBXFileReference; lastKnownFileType = sourcecode.c.objc; path = main.m; sourceTree = "<group>"; };
		C26B67022328174600D731A6 /* hw2Tests.xctest */ = {isa = PBXFileReference; explicitFileType = wrapper.cfbundle; includeInIndex = 0; path = hw2Tests.xctest; sourceTree = BUILT_PRODUCTS_DIR; };
		C26B67062328174600D731A6 /* hw2Tests.m */ = {isa = PBXFileReference; lastKnownFileType = sourcecode.c.objc; path = hw2Tests.m; sourceTree = "<group>"; };
		C26B67082328174600D731A6 /* Info.plist */ = {isa = PBXFileReference; lastKnownFileType = text.plist.xml; path = Info.plist; sourceTree = "<group>"; };
		C26B670D2328174600D731A6 /* hw2UITests.xctest */ = {isa = PBXFileReference; explicitFileType = wrapper.cfbundle; includeInIndex = 0; path = hw2UITests.xctest; sourceTree = BUILT_PRODUCTS_DIR; };
		C26B67112328174600D731A6 /* hw2UITests.m */ = {isa = PBXFileReference; lastKnownFileType = sourcecode.c.objc; path = hw2UITests.m; sourceTree = "<group>"; };
		C26B67132328174600D731A6 /* Info.plist */ = {isa = PBXFileReference; lastKnownFileType = text.plist.xml; path = Info.plist; sourceTree = "<group>"; };
		C26B671F2328177F00D731A6 /* Language.h */ = {isa = PBXFileReference; lastKnownFileType = sourcecode.c.h; path = Language.h; sourceTree = "<group>"; };
		C26B67222328179E00D731A6 /* Language.m */ = {isa = PBXFileReference; lastKnownFileType = sourcecode.c.objc; path = Language.m; sourceTree = "<group>"; };
/* End PBXFileReference section */

/* Begin PBXFrameworksBuildPhase section */
		C26B66E72328174300D731A6 /* Frameworks */ = {
			isa = PBXFrameworksBuildPhase;
			buildActionMask = 2147483647;
			files = (
			);
			runOnlyForDeploymentPostprocessing = 0;
		};
		C26B66FF2328174600D731A6 /* Frameworks */ = {
			isa = PBXFrameworksBuildPhase;
			buildActionMask = 2147483647;
			files = (
			);
			runOnlyForDeploymentPostprocessing = 0;
		};
		C26B670A2328174600D731A6 /* Frameworks */ = {
			isa = PBXFrameworksBuildPhase;
			buildActionMask = 2147483647;
			files = (
			);
			runOnlyForDeploymentPostprocessing = 0;
		};
/* End PBXFrameworksBuildPhase section */

/* Begin PBXGroup section */
		C26B66E12328174300D731A6 = {
			isa = PBXGroup;
			children = (
				C26B66EC2328174300D731A6 /* hw2 */,
				C26B67052328174600D731A6 /* hw2Tests */,
				C26B67102328174600D731A6 /* hw2UITests */,
				C26B66EB2328174300D731A6 /* Products */,
			);
			sourceTree = "<group>";
		};
		C26B66EB2328174300D731A6 /* Products */ = {
			isa = PBXGroup;
			children = (
				C26B66EA2328174300D731A6 /* hw2.app */,
				C26B67022328174600D731A6 /* hw2Tests.xctest */,
				C26B670D2328174600D731A6 /* hw2UITests.xctest */,
			);
			name = Products;
			sourceTree = "<group>";
		};
		C26B66EC2328174300D731A6 /* hw2 */ = {
			isa = PBXGroup;
			children = (
				C26B66ED2328174300D731A6 /* AppDelegate.h */,
				C26B66EE2328174300D731A6 /* AppDelegate.m */,
				C26B66F02328174300D731A6 /* ViewController.h */,
				C26B66F12328174300D731A6 /* ViewController.m */,
				C26B66F62328174500D731A6 /* Assets.xcassets */,
				C26B66F82328174500D731A6 /* LaunchScreen.storyboard */,
				C26B66FB2328174500D731A6 /* Info.plist */,
				C26B66FC2328174500D731A6 /* main.m */,
				C26B671F2328177F00D731A6 /* Language.h */,
				C26B67222328179E00D731A6 /* Language.m */,
			);
			path = hw2;
			sourceTree = "<group>";
		};
		C26B67052328174600D731A6 /* hw2Tests */ = {
			isa = PBXGroup;
			children = (
				C26B67062328174600D731A6 /* hw2Tests.m */,
				C26B67082328174600D731A6 /* Info.plist */,
			);
			path = hw2Tests;
			sourceTree = "<group>";
		};
		C26B67102328174600D731A6 /* hw2UITests */ = {
			isa = PBXGroup;
			children = (
				C26B67112328174600D731A6 /* hw2UITests.m */,
				C26B67132328174600D731A6 /* Info.plist */,
			);
			path = hw2UITests;
			sourceTree = "<group>";
		};
/* End PBXGroup section */

/* Begin PBXNativeTarget section */
		C26B66E92328174300D731A6 /* hw2 */ = {
			isa = PBXNativeTarget;
			buildConfigurationList = C26B67162328174600D731A6 /* Build configuration list for PBXNativeTarget "hw2" */;
			buildPhases = (
				C26B66E62328174300D731A6 /* Sources */,
				C26B66E72328174300D731A6 /* Frameworks */,
				C26B66E82328174300D731A6 /* Resources */,
			);
			buildRules = (
			);
			dependencies = (
			);
			name = hw2;
			productName = hw2;
			productReference = C26B66EA2328174300D731A6 /* hw2.app */;
			productType = "com.apple.product-type.application";
		};
		C26B67012328174600D731A6 /* hw2Tests */ = {
			isa = PBXNativeTarget;
			buildConfigurationList = C26B67192328174600D731A6 /* Build configuration list for PBXNativeTarget "hw2Tests" */;
			buildPhases = (
				C26B66FE2328174600D731A6 /* Sources */,
				C26B66FF2328174600D731A6 /* Frameworks */,
				C26B67002328174600D731A6 /* Resources */,
			);
			buildRules = (
			);
			dependencies = (
				C26B67042328174600D731A6 /* PBXTargetDependency */,
			);
			name = hw2Tests;
			productName = hw2Tests;
			productReference = C26B67022328174600D731A6 /* hw2Tests.xctest */;
			productType = "com.apple.product-type.bundle.unit-test";
		};
		C26B670C2328174600D731A6 /* hw2UITests */ = {
			isa = PBXNativeTarget;
			buildConfigurationList = C26B671C2328174600D731A6 /* Build configuration list for PBXNativeTarget "hw2UITests" */;
			buildPhases = (
				C26B67092328174600D731A6 /* Sources */,
				C26B670A2328174600D731A6 /* Frameworks */,
				C26B670B2328174600D731A6 /* Resources */,
			);
			buildRules = (
			);
			dependencies = (
				C26B670F2328174600D731A6 /* PBXTargetDependency */,
			);
			name = hw2UITests;
			productName = hw2UITests;
			productReference = C26B670D2328174600D731A6 /* hw2UITests.xctest */;
			productType = "com.apple.product-type.bundle.ui-testing";
		};
/* End PBXNativeTarget section */

/* Begin PBXProject section */
		C26B66E22328174300D731A6 /* Project object */ = {
			isa = PBXProject;
			attributes = {
				LastUpgradeCheck = 1010;
				ORGANIZATIONNAME = MIAFOREVER;
				TargetAttributes = {
					C26B66E92328174300D731A6 = {
						CreatedOnToolsVersion = 10.1;
					};
					C26B67012328174600D731A6 = {
						CreatedOnToolsVersion = 10.1;
						TestTargetID = C26B66E92328174300D731A6;
					};
					C26B670C2328174600D731A6 = {
						CreatedOnToolsVersion = 10.1;
						TestTargetID = C26B66E92328174300D731A6;
					};
				};
			};
			buildConfigurationList = C26B66E52328174300D731A6 /* Build configuration list for PBXProject "hw2" */;
			compatibilityVersion = "Xcode 9.3";
			developmentRegion = en;
			hasScannedForEncodings = 0;
			knownRegions = (
				en,
				Base,
			);
			mainGroup = C26B66E12328174300D731A6;
			productRefGroup = C26B66EB2328174300D731A6 /* Products */;
			projectDirPath = "";
			projectRoot = "";
			targets = (
				C26B66E92328174300D731A6 /* hw2 */,
				C26B67012328174600D731A6 /* hw2Tests */,
				C26B670C2328174600D731A6 /* hw2UITests */,
			);
		};
/* End PBXProject section */

/* Begin PBXResourcesBuildPhase section */
		C26B66E82328174300D731A6 /* Resources */ = {
			isa = PBXResourcesBuildPhase;
			buildActionMask = 2147483647;
			files = (
				C26B66FA2328174500D731A6 /* LaunchScreen.storyboard in Resources */,
				C26B66F72328174500D731A6 /* Assets.xcassets in Resources */,
			);
			runOnlyForDeploymentPostprocessing = 0;
		};
		C26B67002328174600D731A6 /* Resources */ = {
			isa = PBXResourcesBuildPhase;
			buildActionMask = 2147483647;
			files = (
			);
			runOnlyForDeploymentPostprocessing = 0;
		};
		C26B670B2328174600D731A6 /* Resources */ = {
			isa = PBXResourcesBuildPhase;
			buildActionMask = 2147483647;
			files = (
			);
			runOnlyForDeploymentPostprocessing = 0;
		};
/* End PBXResourcesBuildPhase section */

/* Begin PBXSourcesBuildPhase section */
		C26B66E62328174300D731A6 /* Sources */ = {
			isa = PBXSourcesBuildPhase;
			buildActionMask = 2147483647;
			files = (
				C26B66F22328174300D731A6 /* ViewController.m in Sources */,
				C26B67232328179E00D731A6 /* Language.m in Sources */,
				C26B66FD2328174500D731A6 /* main.m in Sources */,
				C26B66EF2328174300D731A6 /* AppDelegate.m in Sources */,
			);
			runOnlyForDeploymentPostprocessing = 0;
		};
		C26B66FE2328174600D731A6 /* Sources */ = {
			isa = PBXSourcesBuildPhase;
			buildActionMask = 2147483647;
			files = (
				C26B67072328174600D731A6 /* hw2Tests.m in Sources */,
			);
			runOnlyForDeploymentPostprocessing = 0;
		};
		C26B67092328174600D731A6 /* Sources */ = {
			isa = PBXSourcesBuildPhase;
			buildActionMask = 2147483647;
			files = (
				C26B67122328174600D731A6 /* hw2UITests.m in Sources */,
			);
			runOnlyForDeploymentPostprocessing = 0;
		};
/* End PBXSourcesBuildPhase section */

/* Begin PBXTargetDependency section */
		C26B67042328174600D731A6 /* PBXTargetDependency */ = {
			isa = PBXTargetDependency;
			target = C26B66E92328174300D731A6 /* hw2 */;
			targetProxy = C26B67032328174600D731A6 /* PBXContainerItemProxy */;
		};
		C26B670F2328174600D731A6 /* PBXTargetDependency */ = {
			isa = PBXTargetDependency;
			target = C26B66E92328174300D731A6 /* hw2 */;
			targetProxy = C26B670E2328174600D731A6 /* PBXContainerItemProxy */;
		};
/* End PBXTargetDependency section */

/* Begin PBXVariantGroup section */
		C26B66F82328174500D731A6 /* LaunchScreen.storyboard */ = {
			isa = PBXVariantGroup;
			children = (
				C26B66F92328174500D731A6 /* Base */,
			);
			name = LaunchScreen.storyboard;
			sourceTree = "<group>";
		};
/* End PBXVariantGroup section */

/* Begin XCBuildConfiguration section */
		C26B67142328174600D731A6 /* Debug */ = {
			isa = XCBuildConfiguration;
			buildSettings = {
				ALWAYS_SEARCH_USER_PATHS = NO;
				CLANG_ANALYZER_NONNULL = YES;
				CLANG_ANALYZER_NUMBER_OBJECT_CONVERSION = YES_AGGRESSIVE;
				CLANG_CXX_LANGUAGE_STANDARD = "gnu++14";
				CLANG_CXX_LIBRARY = "libc++";
				CLANG_ENABLE_MODULES = YES;
				CLANG_ENABLE_OBJC_ARC = YES;
				CLANG_ENABLE_OBJC_WEAK = YES;
				CLANG_WARN_BLOCK_CAPTURE_AUTORELEASING = YES;
				CLANG_WARN_BOOL_CONVERSION = YES;
				CLANG_WARN_COMMA = YES;
				CLANG_WARN_CONSTANT_CONVERSION = YES;
				CLANG_WARN_DEPRECATED_OBJC_IMPLEMENTATIONS = YES;
				CLANG_WARN_DIRECT_OBJC_ISA_USAGE = YES_ERROR;
				CLANG_WARN_DOCUMENTATION_COMMENTS = YES;
				CLANG_WARN_EMPTY_BODY = YES;
				CLANG_WARN_ENUM_CONVERSION = YES;
				CLANG_WARN_INFINITE_RECURSION = YES;
				CLANG_WARN_INT_CONVERSION = YES;
				CLANG_WARN_NON_LITERAL_NULL_CONVERSION = YES;
				CLANG_WARN_OBJC_IMPLICIT_RETAIN_SELF = YES;
				CLANG_WARN_OBJC_LITERAL_CONVERSION = YES;
				CLANG_WARN_OBJC_ROOT_CLASS = YES_ERROR;
				CLANG_WARN_RANGE_LOOP_ANALYSIS = YES;
				CLANG_WARN_STRICT_PROTOTYPES = YES;
				CLANG_WARN_SUSPICIOUS_MOVE = YES;
				CLANG_WARN_UNGUARDED_AVAILABILITY = YES_AGGRESSIVE;
				CLANG_WARN_UNREACHABLE_CODE = YES;
				CLANG_WARN__DUPLICATE_METHOD_MATCH = YES;
				CODE_SIGN_IDENTITY = "iPhone Developer";
				COPY_PHASE_STRIP = NO;
				DEBUG_INFORMATION_FORMAT = dwarf;
				ENABLE_STRICT_OBJC_MSGSEND = YES;
				ENABLE_TESTABILITY = YES;
				GCC_C_LANGUAGE_STANDARD = gnu11;
				GCC_DYNAMIC_NO_PIC = NO;
				GCC_NO_COMMON_BLOCKS = YES;
				GCC_OPTIMIZATION_LEVEL = 0;
				GCC_PREPROCESSOR_DEFINITIONS = (
					"DEBUG=1",
					"$(inherited)",
				);
				GCC_WARN_64_TO_32_BIT_CONVERSION = YES;
				GCC_WARN_ABOUT_RETURN_TYPE = YES_ERROR;
				GCC_WARN_UNDECLARED_SELECTOR = YES;
				GCC_WARN_UNINITIALIZED_AUTOS = YES_AGGRESSIVE;
				GCC_WARN_UNUSED_FUNCTION = YES;
				GCC_WARN_UNUSED_VARIABLE = YES;
				IPHONEOS_DEPLOYMENT_TARGET = 12.1;
				MTL_ENABLE_DEBUG_INFO = INCLUDE_SOURCE;
				MTL_FAST_MATH = YES;
				ONLY_ACTIVE_ARCH = YES;
				SDKROOT = iphoneos;
			};
			name = Debug;
		};
		C26B67152328174600D731A6 /* Release */ = {
			isa = XCBuildConfiguration;
			buildSettings = {
				ALWAYS_SEARCH_USER_PATHS = NO;
				CLANG_ANALYZER_NONNULL = YES;
				CLANG_ANALYZER_NUMBER_OBJECT_CONVERSION = YES_AGGRESSIVE;
				CLANG_CXX_LANGUAGE_STANDARD = "gnu++14";
				CLANG_CXX_LIBRARY = "libc++";
				CLANG_ENABLE_MODULES = YES;
				CLANG_ENABLE_OBJC_ARC = YES;
				CLANG_ENABLE_OBJC_WEAK = YES;
				CLANG_WARN_BLOCK_CAPTURE_AUTORELEASING = YES;
				CLANG_WARN_BOOL_CONVERSION = YES;
				CLANG_WARN_COMMA = YES;
				CLANG_WARN_CONSTANT_CONVERSION = YES;
				CLANG_WARN_DEPRECATED_OBJC_IMPLEMENTATIONS = YES;
				CLANG_WARN_DIRECT_OBJC_ISA_USAGE = YES_ERROR;
				CLANG_WARN_DOCUMENTATION_COMMENTS = YES;
				CLANG_WARN_EMPTY_BODY = YES;
				CLANG_WARN_ENUM_CONVERSION = YES;
				CLANG_WARN_INFINITE_RECURSION = YES;
				CLANG_WARN_INT_CONVERSION = YES;
				CLANG_WARN_NON_LITERAL_NULL_CONVERSION = YES;
				CLANG_WARN_OBJC_IMPLICIT_RETAIN_SELF = YES;
				CLANG_WARN_OBJC_LITERAL_CONVERSION = YES;
				CLANG_WARN_OBJC_ROOT_CLASS = YES_ERROR;
				CLANG_WARN_RANGE_LOOP_ANALYSIS = YES;
				CLANG_WARN_STRICT_PROTOTYPES = YES;
				CLANG_WARN_SUSPICIOUS_MOVE = YES;
				CLANG_WARN_UNGUARDED_AVAILABILITY = YES_AGGRESSIVE;
				CLANG_WARN_UNREACHABLE_CODE = YES;
				CLANG_WARN__DUPLICATE_METHOD_MATCH = YES;
				CODE_SIGN_IDENTITY = "iPhone Developer";
				COPY_PHASE_STRIP = NO;
				DEBUG_INFORMATION_FORMAT = "dwarf-with-dsym";
				ENABLE_NS_ASSERTIONS = NO;
				ENABLE_STRICT_OBJC_MSGSEND = YES;
				GCC_C_LANGUAGE_STANDARD = gnu11;
				GCC_NO_COMMON_BLOCKS = YES;
				GCC_WARN_64_TO_32_BIT_CONVERSION = YES;
				GCC_WARN_ABOUT_RETURN_TYPE = YES_ERROR;
				GCC_WARN_UNDECLARED_SELECTOR = YES;
				GCC_WARN_UNINITIALIZED_AUTOS = YES_AGGRESSIVE;
				GCC_WARN_UNUSED_FUNCTION = YES;
				GCC_WARN_UNUSED_VARIABLE = YES;
				IPHONEOS_DEPLOYMENT_TARGET = 12.1;
				MTL_ENABLE_DEBUG_INFO = NO;
				MTL_FAST_MATH = YES;
				SDKROOT = iphoneos;
				VALIDATE_PRODUCT = YES;
			};
			name = Release;
		};
		C26B67172328174600D731A6 /* Debug */ = {
			isa = XCBuildConfiguration;
			buildSettings = {
				ASSETCATALOG_COMPILER_APPICON_NAME = AppIcon;
				CODE_SIGN_STYLE = Automatic;
				INFOPLIST_FILE = hw2/Info.plist;
				LD_RUNPATH_SEARCH_PATHS = (
					"$(inherited)",
					"@executable_path/Frameworks",
				);
				PRODUCT_BUNDLE_IDENTIFIER = hw.hw2;
				PRODUCT_NAME = "$(TARGET_NAME)";
				TARGETED_DEVICE_FAMILY = "1,2";
			};
			name = Debug;
		};
		C26B67182328174600D731A6 /* Release */ = {
			isa = XCBuildConfiguration;
			buildSettings = {
				ASSETCATALOG_COMPILER_APPICON_NAME = AppIcon;
				CODE_SIGN_STYLE = Automatic;
				INFOPLIST_FILE = hw2/Info.plist;
				LD_RUNPATH_SEARCH_PATHS = (
					"$(inherited)",
					"@executable_path/Frameworks",
				);
				PRODUCT_BUNDLE_IDENTIFIER = hw.hw2;
				PRODUCT_NAME = "$(TARGET_NAME)";
				TARGETED_DEVICE_FAMILY = "1,2";
			};
			name = Release;
		};
		C26B671A2328174600D731A6 /* Debug */ = {
			isa = XCBuildConfiguration;
			buildSettings = {
				BUNDLE_LOADER = "$(TEST_HOST)";
				CODE_SIGN_STYLE = Automatic;
				INFOPLIST_FILE = hw2Tests/Info.plist;
				LD_RUNPATH_SEARCH_PATHS = (
					"$(inherited)",
					"@executable_path/Frameworks",
					"@loader_path/Frameworks",
				);
				PRODUCT_BUNDLE_IDENTIFIER = hw.hw2Tests;
				PRODUCT_NAME = "$(TARGET_NAME)";
				TARGETED_DEVICE_FAMILY = "1,2";
				TEST_HOST = "$(BUILT_PRODUCTS_DIR)/hw2.app/hw2";
			};
			name = Debug;
		};
		C26B671B2328174600D731A6 /* Release */ = {
			isa = XCBuildConfiguration;
			buildSettings = {
				BUNDLE_LOADER = "$(TEST_HOST)";
				CODE_SIGN_STYLE = Automatic;
				INFOPLIST_FILE = hw2Tests/Info.plist;
				LD_RUNPATH_SEARCH_PATHS = (
					"$(inherited)",
					"@executable_path/Frameworks",
					"@loader_path/Frameworks",
				);
				PRODUCT_BUNDLE_IDENTIFIER = hw.hw2Tests;
				PRODUCT_NAME = "$(TARGET_NAME)";
				TARGETED_DEVICE_FAMILY = "1,2";
				TEST_HOST = "$(BUILT_PRODUCTS_DIR)/hw2.app/hw2";
			};
			name = Release;
		};
		C26B671D2328174600D731A6 /* Debug */ = {
			isa = XCBuildConfiguration;
			buildSettings = {
				CODE_SIGN_STYLE = Automatic;
				INFOPLIST_FILE = hw2UITests/Info.plist;
				LD_RUNPATH_SEARCH_PATHS = (
					"$(inherited)",
					"@executable_path/Frameworks",
					"@loader_path/Frameworks",
				);
				PRODUCT_BUNDLE_IDENTIFIER = hw.hw2UITests;
				PRODUCT_NAME = "$(TARGET_NAME)";
				TARGETED_DEVICE_FAMILY = "1,2";
				TEST_TARGET_NAME = hw2;
			};
			name = Debug;
		};
		C26B671E2328174600D731A6 /* Release */ = {
			isa = XCBuildConfiguration;
			buildSettings = {
				CODE_SIGN_STYLE = Automatic;
				INFOPLIST_FILE = hw2UITests/Info.plist;
				LD_RUNPATH_SEARCH_PATHS = (
					"$(inherited)",
					"@executable_path/Frameworks",
					"@loader_path/Frameworks",
				);
				PRODUCT_BUNDLE_IDENTIFIER = hw.hw2UITests;
				PRODUCT_NAME = "$(TARGET_NAME)";
				TARGETED_DEVICE_FAMILY = "1,2";
				TEST_TARGET_NAME = hw2;
			};
			name = Release;
		};
/* End XCBuildConfiguration section */

/* Begin XCConfigurationList section */
		C26B66E52328174300D731A6 /* Build configuration list for PBXProject "hw2" */ = {
			isa = XCConfigurationList;
			buildConfigurations = (
				C26B67142328174600D731A6 /* Debug */,
				C26B67152328174600D731A6 /* Release */,
			);
			defaultConfigurationIsVisible = 0;
			defaultConfigurationName = Release;
		};
		C26B67162328174600D731A6 /* Build configuration list for PBXNativeTarget "hw2" */ = {
			isa = XCConfigurationList;
			buildConfigurations = (
				C26B67172328174600D731A6 /* Debug */,
				C26B67182328174600D731A6 /* Release */,
			);
			defaultConfigurationIsVisible = 0;
			defaultConfigurationName = Release;
		};
		C26B67192328174600D731A6 /* Build configuration list for PBXNativeTarget "hw2Tests" */ = {
			isa = XCConfigurationList;
			buildConfigurations = (
				C26B671A2328174600D731A6 /* Debug */,
				C26B671B2328174600D731A6 /* Release */,
			);
			defaultConfigurationIsVisible = 0;
			defaultConfigurationName = Release;
		};
		C26B671C2328174600D731A6 /* Build configuration list for PBXNativeTarget "hw2UITests" */ = {
			isa = XCConfigurationList;
			buildConfigurations = (
				C26B671D2328174600D731A6 /* Debug */,
				C26B671E2328174600D731A6 /* Release */,
			);
			defaultConfigurationIsVisible = 0;
			defaultConfigurationName = Release;
		};
/* End XCConfigurationList section */
	};
	rootObject = C26B66E22328174300D731A6 /* Project object */;
}
